
Microsoft Visual Studio Solution File, Format Version 12.00
# Visual Studio Version 17
VisualStudioVersion = 17.0.31903.59
MinimumVisualStudioVersion = 10.0.40219.1
Project("{2150E333-8FDC-42A3-9474-1A3956D46DE8}") = "src", "src", "{2D650C97-3584-4053-AFD3-492075F2C926}"
EndProject
Project("{FAE04EC0-301F-11D3-BF4B-00C04F79EFBC}") = "AuctionService", "src\AuctionService\AuctionService.csproj", "{5042A2CF-B3E2-466C-8996-FE89819DCEE9}"
EndProject
Project("{FAE04EC0-301F-11D3-BF4B-00C04F79EFBC}") = "SearchService", "src\SearchService\SearchService.csproj", "{D0B9E128-B20A-4ED5-B3DE-BF5FE1114DA7}"
EndProject
Project("{FAE04EC0-301F-11D3-BF4B-00C04F79EFBC}") = "Contracts", "src\Contracts\Contracts.csproj", "{C480CE1D-EAD4-4C49-A484-2772C85910A0}"
EndProject
Global
	GlobalSection(SolutionConfigurationPlatforms) = preSolution
		Debug|Any CPU = Debug|Any CPU
		Release|Any CPU = Release|Any CPU
	EndGlobalSection
	GlobalSection(SolutionProperties) = preSolution
		HideSolutionNode = FALSE
	EndGlobalSection
	GlobalSection(ProjectConfigurationPlatforms) = postSolution
		{5042A2CF-B3E2-466C-8996-FE89819DCEE9}.Debug|Any CPU.ActiveCfg = Debug|Any CPU
		{5042A2CF-B3E2-466C-8996-FE89819DCEE9}.Debug|Any CPU.Build.0 = Debug|Any CPU
		{5042A2CF-B3E2-466C-8996-FE89819DCEE9}.Release|Any CPU.ActiveCfg = Release|Any CPU
		{5042A2CF-B3E2-466C-8996-FE89819DCEE9}.Release|Any CPU.Build.0 = Release|Any CPU
		{D0B9E128-B20A-4ED5-B3DE-BF5FE1114DA7}.Debug|Any CPU.ActiveCfg = Debug|Any CPU
		{D0B9E128-B20A-4ED5-B3DE-BF5FE1114DA7}.Debug|Any CPU.Build.0 = Debug|Any CPU
		{D0B9E128-B20A-4ED5-B3DE-BF5FE1114DA7}.Release|Any CPU.ActiveCfg = Release|Any CPU
		{D0B9E128-B20A-4ED5-B3DE-BF5FE1114DA7}.Release|Any CPU.Build.0 = Release|Any CPU
		{C480CE1D-EAD4-4C49-A484-2772C85910A0}.Debug|Any CPU.ActiveCfg = Debug|Any CPU
		{C480CE1D-EAD4-4C49-A484-2772C85910A0}.Debug|Any CPU.Build.0 = Debug|Any CPU
		{C480CE1D-EAD4-4C49-A484-2772C85910A0}.Release|Any CPU.ActiveCfg = Release|Any CPU
		{C480CE1D-EAD4-4C49-A484-2772C85910A0}.Release|Any CPU.Build.0 = Release|Any CPU
	EndGlobalSection
	GlobalSection(NestedProjects) = preSolution
		{5042A2CF-B3E2-466C-8996-FE89819DCEE9} = {2D650C97-3584-4053-AFD3-492075F2C926}
		{D0B9E128-B20A-4ED5-B3DE-BF5FE1114DA7} = {2D650C97-3584-4053-AFD3-492075F2C926}
		{C480CE1D-EAD4-4C49-A484-2772C85910A0} = {2D650C97-3584-4053-AFD3-492075F2C926}
	EndGlobalSection
EndGlobal
