
Microsoft Visual Studio Solution File, Format Version 12.00
# Visual Studio Version 17
VisualStudioVersion = 17.0.31903.59
MinimumVisualStudioVersion = 10.0.40219.1
Project("{2150E333-8FDC-42A3-9474-1A3956D46DE8}") = "src", "src", "{2D650C97-3584-4053-AFD3-492075F2C926}"
EndProject
Project("{FAE04EC0-301F-11D3-BF4B-00C04F79EFBC}") = "AuctionService", "src\AuctionService\AuctionService.csproj", "{5042A2CF-B3E2-466C-8996-FE89819DCEE9}"
EndProject
Project("{FAE04EC0-301F-11D3-BF4B-00C04F79EFBC}") = "SearchService", "src\SearchService\SearchService.csproj", "{D0B9E128-B20A-4ED5-B3DE-BF5FE1114DA7}"
EndProject
Project("{FAE04EC0-301F-11D3-BF4B-00C04F79EFBC}") = "Contracts", "src\Contracts\Contracts.csproj", "{C480CE1D-EAD4-4C49-A484-2772C85910A0}"
EndProject
Project("{FAE04EC0-301F-11D3-BF4B-00C04F79EFBC}") = "IdentityService", "src\IdentityService\IdentityService.csproj", "{AA3F446A-7BB6-45E8-8AAB-E971E655D34A}"
EndProject
Project("{FAE04EC0-301F-11D3-BF4B-00C04F79EFBC}") = "GatewayService", "src\GatewayService\GatewayService.csproj", "{BD64CCB4-C7CB-4B6B-B5BA-516ED817C807}"
EndProject
Project("{2150E333-8FDC-42A3-9474-1A3956D46DE8}") = "tests", "tests", "{DFA79DCC-77F6-405B-BB6E-12AD8E764C0A}"
EndProject
Project("{FAE04EC0-301F-11D3-BF4B-00C04F79EFBC}") = "AuctionService.UnitTests", "tests\AuctionService.UnitTests\AuctionService.UnitTests.csproj", "{29654B2E-D791-4E6E-A226-DBDF08316F56}"
EndProject
Project("{FAE04EC0-301F-11D3-BF4B-00C04F79EFBC}") = "AuctionService.IntegrationTests", "tests\AuctionService.IntegrationTests\AuctionService.IntegrationTests.csproj", "{91FB9C53-3936-4332-9BCD-6E7AAF3AFAEB}"
EndProject
Project("{FAE04EC0-301F-11D3-BF4B-00C04F79EFBC}") = "BiddingService", "src\BiddingService\BiddingService.csproj", "{E98985E7-5112-43A9-A846-F197F0A13DA1}"
EndProject
Global
	GlobalSection(SolutionConfigurationPlatforms) = preSolution
		Debug|Any CPU = Debug|Any CPU
		Release|Any CPU = Release|Any CPU
	EndGlobalSection
	GlobalSection(SolutionProperties) = preSolution
		HideSolutionNode = FALSE
	EndGlobalSection
	GlobalSection(ProjectConfigurationPlatforms) = postSolution
		{5042A2CF-B3E2-466C-8996-FE89819DCEE9}.Debug|Any CPU.ActiveCfg = Debug|Any CPU
		{5042A2CF-B3E2-466C-8996-FE89819DCEE9}.Debug|Any CPU.Build.0 = Debug|Any CPU
		{5042A2CF-B3E2-466C-8996-FE89819DCEE9}.Release|Any CPU.ActiveCfg = Release|Any CPU
		{5042A2CF-B3E2-466C-8996-FE89819DCEE9}.Release|Any CPU.Build.0 = Release|Any CPU
		{D0B9E128-B20A-4ED5-B3DE-BF5FE1114DA7}.Debug|Any CPU.ActiveCfg = Debug|Any CPU
		{D0B9E128-B20A-4ED5-B3DE-BF5FE1114DA7}.Debug|Any CPU.Build.0 = Debug|Any CPU
		{D0B9E128-B20A-4ED5-B3DE-BF5FE1114DA7}.Release|Any CPU.ActiveCfg = Release|Any CPU
		{D0B9E128-B20A-4ED5-B3DE-BF5FE1114DA7}.Release|Any CPU.Build.0 = Release|Any CPU
		{C480CE1D-EAD4-4C49-A484-2772C85910A0}.Debug|Any CPU.ActiveCfg = Debug|Any CPU
		{C480CE1D-EAD4-4C49-A484-2772C85910A0}.Debug|Any CPU.Build.0 = Debug|Any CPU
		{C480CE1D-EAD4-4C49-A484-2772C85910A0}.Release|Any CPU.ActiveCfg = Release|Any CPU
		{C480CE1D-EAD4-4C49-A484-2772C85910A0}.Release|Any CPU.Build.0 = Release|Any CPU
		{AA3F446A-7BB6-45E8-8AAB-E971E655D34A}.Debug|Any CPU.ActiveCfg = Debug|Any CPU
		{AA3F446A-7BB6-45E8-8AAB-E971E655D34A}.Debug|Any CPU.Build.0 = Debug|Any CPU
		{AA3F446A-7BB6-45E8-8AAB-E971E655D34A}.Release|Any CPU.ActiveCfg = Release|Any CPU
		{AA3F446A-7BB6-45E8-8AAB-E971E655D34A}.Release|Any CPU.Build.0 = Release|Any CPU
		{BD64CCB4-C7CB-4B6B-B5BA-516ED817C807}.Debug|Any CPU.ActiveCfg = Debug|Any CPU
		{BD64CCB4-C7CB-4B6B-B5BA-516ED817C807}.Debug|Any CPU.Build.0 = Debug|Any CPU
		{BD64CCB4-C7CB-4B6B-B5BA-516ED817C807}.Release|Any CPU.ActiveCfg = Release|Any CPU
		{BD64CCB4-C7CB-4B6B-B5BA-516ED817C807}.Release|Any CPU.Build.0 = Release|Any CPU
		{29654B2E-D791-4E6E-A226-DBDF08316F56}.Debug|Any CPU.ActiveCfg = Debug|Any CPU
		{29654B2E-D791-4E6E-A226-DBDF08316F56}.Debug|Any CPU.Build.0 = Debug|Any CPU
		{29654B2E-D791-4E6E-A226-DBDF08316F56}.Release|Any CPU.ActiveCfg = Release|Any CPU
		{29654B2E-D791-4E6E-A226-DBDF08316F56}.Release|Any CPU.Build.0 = Release|Any CPU
		{91FB9C53-3936-4332-9BCD-6E7AAF3AFAEB}.Debug|Any CPU.ActiveCfg = Debug|Any CPU
		{91FB9C53-3936-4332-9BCD-6E7AAF3AFAEB}.Debug|Any CPU.Build.0 = Debug|Any CPU
		{91FB9C53-3936-4332-9BCD-6E7AAF3AFAEB}.Release|Any CPU.ActiveCfg = Release|Any CPU
		{91FB9C53-3936-4332-9BCD-6E7AAF3AFAEB}.Release|Any CPU.Build.0 = Release|Any CPU
		{E98985E7-5112-43A9-A846-F197F0A13DA1}.Debug|Any CPU.ActiveCfg = Debug|Any CPU
		{E98985E7-5112-43A9-A846-F197F0A13DA1}.Debug|Any CPU.Build.0 = Debug|Any CPU
		{E98985E7-5112-43A9-A846-F197F0A13DA1}.Release|Any CPU.ActiveCfg = Release|Any CPU
		{E98985E7-5112-43A9-A846-F197F0A13DA1}.Release|Any CPU.Build.0 = Release|Any CPU
	EndGlobalSection
	GlobalSection(NestedProjects) = preSolution
		{5042A2CF-B3E2-466C-8996-FE89819DCEE9} = {2D650C97-3584-4053-AFD3-492075F2C926}
		{D0B9E128-B20A-4ED5-B3DE-BF5FE1114DA7} = {2D650C97-3584-4053-AFD3-492075F2C926}
		{C480CE1D-EAD4-4C49-A484-2772C85910A0} = {2D650C97-3584-4053-AFD3-492075F2C926}
		{AA3F446A-7BB6-45E8-8AAB-E971E655D34A} = {2D650C97-3584-4053-AFD3-492075F2C926}
		{BD64CCB4-C7CB-4B6B-B5BA-516ED817C807} = {2D650C97-3584-4053-AFD3-492075F2C926}
		{29654B2E-D791-4E6E-A226-DBDF08316F56} = {DFA79DCC-77F6-405B-BB6E-12AD8E764C0A}
		{91FB9C53-3936-4332-9BCD-6E7AAF3AFAEB} = {DFA79DCC-77F6-405B-BB6E-12AD8E764C0A}
		{E98985E7-5112-43A9-A846-F197F0A13DA1} = {2D650C97-3584-4053-AFD3-492075F2C926}
	EndGlobalSection
EndGlobal
